dependencies:
  espressif/esp-dsp:
    component_hash: 3e7bbd487f1357a1d4944d0c85966d049501ea281b8a4c7f93f7cfedd5b7f23d
    source:
      service_url: https://api.components.espressif.com/
      type: service
    version: 1.4.12
  idf:
    component_hash: null
    source:
      type: idf
    version: 4.4.6
manifest_hash: 5a3acd61a63affc6bfb53def61b67e42957b7c9524abd58633aaa47be6a86634
target: esp32
version: 1.0.0
