dependencies:
  espressif/esp-dsp:
    component_hash: 8d9864049f97e4a1e7daafb4536b62b0878efa990a61048a91fab9b7c1b5b4cd
    source:
      service_url: https://api.components.espressif.com/
      type: service
    version: 1.4.11
  idf:
    component_hash: null
    source:
      type: idf
    version: 4.4.7
manifest_hash: 6b2d9f485f5b0a8b0d4b599c28031dedc18f80478dd7e558272b189beef23351
target: esp32
version: 1.0.0
