dependencies:
  espressif/esp-dsp:
    component_hash: 3e7bbd487f1357a1d4944d0c85966d049501ea281b8a4c7f93f7cfedd5b7f23d
    source:
      service_url: https://api.components.espressif.com/
      type: service
    version: 1.4.12
  idf:
    component_hash: null
    source:
      type: idf
    version: 4.4.7
manifest_hash: 6b2d9f485f5b0a8b0d4b599c28031dedc18f80478dd7e558272b189beef23351
target: esp32
version: 1.0.0
